
Microsoft Visual Studio Solution File, Format Version 12.00
Project("{FAE04EC0-301F-11D3-BF4B-00C04F79EFBC}") = "myDpdApp", "myDpdApp\myDpdApp.csproj", "{6236E616-F5FE-487C-AC90-D9F9AE1CB342}"
EndProject
Global
	GlobalSection(SolutionConfigurationPlatforms) = preSolution
		Debug|Any CPU = Debug|Any CPU
		Release|Any CPU = Release|Any CPU
	EndGlobalSection
	GlobalSection(ProjectConfigurationPlatforms) = postSolution
		{6236E616-F5FE-487C-AC90-D9F9AE1CB342}.Debug|Any CPU.ActiveCfg = Debug|Any CPU
		{6236E616-F5FE-487C-AC90-D9F9AE1CB342}.Debug|Any CPU.Build.0 = Debug|Any CPU
		{6236E616-F5FE-487C-AC90-D9F9AE1CB342}.Release|Any CPU.ActiveCfg = Release|Any CPU
		{6236E616-F5FE-487C-AC90-D9F9AE1CB342}.Release|Any CPU.Build.0 = Release|Any CPU
	EndGlobalSection
EndGlobal
